// !$*UTF8*$!
{
	archiveVersion = 1;
	classes = {
	};
	objectVersion = 50;
	objects = {

/* Begin PBXBuildFile section */
		40241BEE219426AC007EEB71 /* AppDelegate.swift in Sources */ = {isa = PBXBuildFile; fileRef = 40241BED219426AC007EEB71 /* AppDelegate.swift */; };
		40241BF5219426AC007EEB71 /* Assets.xcassets in Resources */ = {isa = PBXBuildFile; fileRef = 40241BF4219426AC007EEB71 /* Assets.xcassets */; };
		40241BF8219426AC007EEB71 /* LaunchScreen.storyboard in Resources */ = {isa = PBXBuildFile; fileRef = 40241BF6219426AC007EEB71 /* LaunchScreen.storyboard */; };
		40241C03219426AC007EEB71 /* KibaanSampleTests.swift in Sources */ = {isa = PBXBuildFile; fileRef = 40241C02219426AC007EEB71 /* KibaanSampleTests.swift */; };
		40241C0E219426AC007EEB71 /* KibaanSampleUITests.swift in Sources */ = {isa = PBXBuildFile; fileRef = 40241C0D219426AC007EEB71 /* KibaanSampleUITests.swift */; };
		40241C1C21942B7E007EEB71 /* Kibaan.framework in Frameworks */ = {isa = PBXBuildFile; fileRef = 40241C1B21942B7E007EEB71 /* Kibaan.framework */; };
		40241C1D21942B7E007EEB71 /* Kibaan.framework in Embed Frameworks */ = {isa = PBXBuildFile; fileRef = 40241C1B21942B7E007EEB71 /* Kibaan.framework */; settings = {ATTRIBUTES = (CodeSignOnCopy, RemoveHeadersOnCopy, ); }; };
		40241C2521942D82007EEB71 /* LauncherViewController.swift in Sources */ = {isa = PBXBuildFile; fileRef = 40241C2121942D82007EEB71 /* LauncherViewController.swift */; };
		40241C2621942D82007EEB71 /* LauncherViewController.xib in Resources */ = {isa = PBXBuildFile; fileRef = 40241C2221942D82007EEB71 /* LauncherViewController.xib */; };
		40241C2721942D82007EEB71 /* FooterTabViewController.xib in Resources */ = {isa = PBXBuildFile; fileRef = 40241C2321942D82007EEB71 /* FooterTabViewController.xib */; };
		40241C2821942D82007EEB71 /* FooterTabViewController.swift in Sources */ = {isa = PBXBuildFile; fileRef = 40241C2421942D82007EEB71 /* FooterTabViewController.swift */; };
		40241C2B21942DBB007EEB71 /* LauncherService.swift in Sources */ = {isa = PBXBuildFile; fileRef = 40241C2A21942DBB007EEB71 /* LauncherService.swift */; };
		40241C2F21942F12007EEB71 /* AppSetting.swift in Sources */ = {isa = PBXBuildFile; fileRef = 40241C2D21942F12007EEB71 /* AppSetting.swift */; };
		40241C3021942F12007EEB71 /* SharedData.swift in Sources */ = {isa = PBXBuildFile; fileRef = 40241C2E21942F12007EEB71 /* SharedData.swift */; };
		40241C3821942FF8007EEB71 /* TopViewController.swift in Sources */ = {isa = PBXBuildFile; fileRef = 40241C3621942FF8007EEB71 /* TopViewController.swift */; };
		40241C3921942FF8007EEB71 /* TopViewController.xib in Resources */ = {isa = PBXBuildFile; fileRef = 40241C3721942FF8007EEB71 /* TopViewController.xib */; };
		40241C3C21943013007EEB71 /* ChartViewController.swift in Sources */ = {isa = PBXBuildFile; fileRef = 40241C3A21943013007EEB71 /* ChartViewController.swift */; };
		40241C3D21943013007EEB71 /* ChartViewController.xib in Resources */ = {isa = PBXBuildFile; fileRef = 40241C3B21943013007EEB71 /* ChartViewController.xib */; };
		40241C4021943085007EEB71 /* TradeViewController.swift in Sources */ = {isa = PBXBuildFile; fileRef = 40241C3E21943085007EEB71 /* TradeViewController.swift */; };
		40241C4121943085007EEB71 /* TradeViewController.xib in Resources */ = {isa = PBXBuildFile; fileRef = 40241C3F21943085007EEB71 /* TradeViewController.xib */; };
		40241C4421943097007EEB71 /* NewsViewController.swift in Sources */ = {isa = PBXBuildFile; fileRef = 40241C4221943097007EEB71 /* NewsViewController.swift */; };
		40241C4521943097007EEB71 /* NewsViewController.xib in Resources */ = {isa = PBXBuildFile; fileRef = 40241C4321943097007EEB71 /* NewsViewController.xib */; };
		40241C48219430A9007EEB71 /* MenuViewController.swift in Sources */ = {isa = PBXBuildFile; fileRef = 40241C46219430A9007EEB71 /* MenuViewController.swift */; };
		40241C49219430A9007EEB71 /* MenuViewController.xib in Resources */ = {isa = PBXBuildFile; fileRef = 40241C47219430A9007EEB71 /* MenuViewController.xib */; };
/* End PBXBuildFile section */

/* Begin PBXContainerItemProxy section */
		40241BFF219426AC007EEB71 /* PBXContainerItemProxy */ = {
			isa = PBXContainerItemProxy;
			containerPortal = 40241BE2219426AC007EEB71 /* Project object */;
			proxyType = 1;
			remoteGlobalIDString = 40241BE9219426AC007EEB71;
			remoteInfo = KibaanSample;
		};
		40241C0A219426AC007EEB71 /* PBXContainerItemProxy */ = {
			isa = PBXContainerItemProxy;
			containerPortal = 40241BE2219426AC007EEB71 /* Project object */;
			proxyType = 1;
			remoteGlobalIDString = 40241BE9219426AC007EEB71;
			remoteInfo = KibaanSample;
		};
/* End PBXContainerItemProxy section */

/* Begin PBXCopyFilesBuildPhase section */
		40241C1E21942B7E007EEB71 /* Embed Frameworks */ = {
			isa = PBXCopyFilesBuildPhase;
			buildActionMask = 2147483647;
			dstPath = "";
			dstSubfolderSpec = 10;
			files = (
				40241C1D21942B7E007EEB71 /* Kibaan.framework in Embed Frameworks */,
			);
			name = "Embed Frameworks";
			runOnlyForDeploymentPostprocessing = 0;
		};
/* End PBXCopyFilesBuildPhase section */

/* Begin PBXFileReference section */
		40241BEA219426AC007EEB71 /* KibaanSample.app */ = {isa = PBXFileReference; explicitFileType = wrapper.application; includeInIndex = 0; path = KibaanSample.app; sourceTree = BUILT_PRODUCTS_DIR; };
		40241BED219426AC007EEB71 /* AppDelegate.swift */ = {isa = PBXFileReference; lastKnownFileType = sourcecode.swift; path = AppDelegate.swift; sourceTree = "<group>"; };
		40241BF4219426AC007EEB71 /* Assets.xcassets */ = {isa = PBXFileReference; lastKnownFileType = folder.assetcatalog; path = Assets.xcassets; sourceTree = "<group>"; };
		40241BF7219426AC007EEB71 /* Base */ = {isa = PBXFileReference; lastKnownFileType = file.storyboard; name = Base; path = Base.lproj/LaunchScreen.storyboard; sourceTree = "<group>"; };
		40241BF9219426AC007EEB71 /* Info.plist */ = {isa = PBXFileReference; lastKnownFileType = text.plist.xml; path = Info.plist; sourceTree = "<group>"; };
		40241BFE219426AC007EEB71 /* KibaanSampleTests.xctest */ = {isa = PBXFileReference; explicitFileType = wrapper.cfbundle; includeInIndex = 0; path = KibaanSampleTests.xctest; sourceTree = BUILT_PRODUCTS_DIR; };
		40241C02219426AC007EEB71 /* KibaanSampleTests.swift */ = {isa = PBXFileReference; lastKnownFileType = sourcecode.swift; path = KibaanSampleTests.swift; sourceTree = "<group>"; };
		40241C04219426AC007EEB71 /* Info.plist */ = {isa = PBXFileReference; lastKnownFileType = text.plist.xml; path = Info.plist; sourceTree = "<group>"; };
		40241C09219426AC007EEB71 /* KibaanSampleUITests.xctest */ = {isa = PBXFileReference; explicitFileType = wrapper.cfbundle; includeInIndex = 0; path = KibaanSampleUITests.xctest; sourceTree = BUILT_PRODUCTS_DIR; };
		40241C0D219426AC007EEB71 /* KibaanSampleUITests.swift */ = {isa = PBXFileReference; lastKnownFileType = sourcecode.swift; path = KibaanSampleUITests.swift; sourceTree = "<group>"; };
		40241C0F219426AC007EEB71 /* Info.plist */ = {isa = PBXFileReference; lastKnownFileType = text.plist.xml; path = Info.plist; sourceTree = "<group>"; };
		40241C1B21942B7E007EEB71 /* Kibaan.framework */ = {isa = PBXFileReference; explicitFileType = wrapper.framework; path = Kibaan.framework; sourceTree = BUILT_PRODUCTS_DIR; };
		40241C2121942D82007EEB71 /* LauncherViewController.swift */ = {isa = PBXFileReference; fileEncoding = 4; lastKnownFileType = sourcecode.swift; path = LauncherViewController.swift; sourceTree = "<group>"; };
		40241C2221942D82007EEB71 /* LauncherViewController.xib */ = {isa = PBXFileReference; fileEncoding = 4; lastKnownFileType = file.xib; path = LauncherViewController.xib; sourceTree = "<group>"; };
		40241C2321942D82007EEB71 /* FooterTabViewController.xib */ = {isa = PBXFileReference; fileEncoding = 4; lastKnownFileType = file.xib; path = FooterTabViewController.xib; sourceTree = "<group>"; };
		40241C2421942D82007EEB71 /* FooterTabViewController.swift */ = {isa = PBXFileReference; fileEncoding = 4; lastKnownFileType = sourcecode.swift; path = FooterTabViewController.swift; sourceTree = "<group>"; };
		40241C2A21942DBB007EEB71 /* LauncherService.swift */ = {isa = PBXFileReference; fileEncoding = 4; lastKnownFileType = sourcecode.swift; path = LauncherService.swift; sourceTree = "<group>"; };
		40241C2D21942F12007EEB71 /* AppSetting.swift */ = {isa = PBXFileReference; fileEncoding = 4; lastKnownFileType = sourcecode.swift; path = AppSetting.swift; sourceTree = "<group>"; };
		40241C2E21942F12007EEB71 /* SharedData.swift */ = {isa = PBXFileReference; fileEncoding = 4; lastKnownFileType = sourcecode.swift; path = SharedData.swift; sourceTree = "<group>"; };
		40241C3621942FF8007EEB71 /* TopViewController.swift */ = {isa = PBXFileReference; lastKnownFileType = sourcecode.swift; path = TopViewController.swift; sourceTree = "<group>"; };
		40241C3721942FF8007EEB71 /* TopViewController.xib */ = {isa = PBXFileReference; lastKnownFileType = file.xib; path = TopViewController.xib; sourceTree = "<group>"; };
		40241C3A21943013007EEB71 /* ChartViewController.swift */ = {isa = PBXFileReference; lastKnownFileType = sourcecode.swift; path = ChartViewController.swift; sourceTree = "<group>"; };
		40241C3B21943013007EEB71 /* ChartViewController.xib */ = {isa = PBXFileReference; lastKnownFileType = file.xib; path = ChartViewController.xib; sourceTree = "<group>"; };
		40241C3E21943085007EEB71 /* TradeViewController.swift */ = {isa = PBXFileReference; lastKnownFileType = sourcecode.swift; path = TradeViewController.swift; sourceTree = "<group>"; };
		40241C3F21943085007EEB71 /* TradeViewController.xib */ = {isa = PBXFileReference; lastKnownFileType = file.xib; path = TradeViewController.xib; sourceTree = "<group>"; };
		40241C4221943097007EEB71 /* NewsViewController.swift */ = {isa = PBXFileReference; lastKnownFileType = sourcecode.swift; path = NewsViewController.swift; sourceTree = "<group>"; };
		40241C4321943097007EEB71 /* NewsViewController.xib */ = {isa = PBXFileReference; lastKnownFileType = file.xib; path = NewsViewController.xib; sourceTree = "<group>"; };
		40241C46219430A9007EEB71 /* MenuViewController.swift */ = {isa = PBXFileReference; lastKnownFileType = sourcecode.swift; path = MenuViewController.swift; sourceTree = "<group>"; };
		40241C47219430A9007EEB71 /* MenuViewController.xib */ = {isa = PBXFileReference; lastKnownFileType = file.xib; path = MenuViewController.xib; sourceTree = "<group>"; };
/* End PBXFileReference section */

/* Begin PBXFrameworksBuildPhase section */
		40241BE7219426AC007EEB71 /* Frameworks */ = {
			isa = PBXFrameworksBuildPhase;
			buildActionMask = 2147483647;
			files = (
				40241C1C21942B7E007EEB71 /* Kibaan.framework in Frameworks */,
			);
			runOnlyForDeploymentPostprocessing = 0;
		};
		40241BFB219426AC007EEB71 /* Frameworks */ = {
			isa = PBXFrameworksBuildPhase;
			buildActionMask = 2147483647;
			files = (
			);
			runOnlyForDeploymentPostprocessing = 0;
		};
		40241C06219426AC007EEB71 /* Frameworks */ = {
			isa = PBXFrameworksBuildPhase;
			buildActionMask = 2147483647;
			files = (
			);
			runOnlyForDeploymentPostprocessing = 0;
		};
/* End PBXFrameworksBuildPhase section */

/* Begin PBXGroup section */
		40241BE1219426AC007EEB71 = {
			isa = PBXGroup;
			children = (
				40241C1B21942B7E007EEB71 /* Kibaan.framework */,
				40241BEC219426AC007EEB71 /* KibaanSample */,
				40241C01219426AC007EEB71 /* KibaanSampleTests */,
				40241C0C219426AC007EEB71 /* KibaanSampleUITests */,
				40241BEB219426AC007EEB71 /* Products */,
			);
			sourceTree = "<group>";
		};
		40241BEB219426AC007EEB71 /* Products */ = {
			isa = PBXGroup;
			children = (
				40241BEA219426AC007EEB71 /* KibaanSample.app */,
				40241BFE219426AC007EEB71 /* KibaanSampleTests.xctest */,
				40241C09219426AC007EEB71 /* KibaanSampleUITests.xctest */,
			);
			name = Products;
			sourceTree = "<group>";
		};
		40241BEC219426AC007EEB71 /* KibaanSample */ = {
			isa = PBXGroup;
			children = (
				40241C2C21942F12007EEB71 /* Model */,
				40241C2921942DBB007EEB71 /* Service */,
				40241C1F21942D23007EEB71 /* Screen */,
				40241BED219426AC007EEB71 /* AppDelegate.swift */,
				40241BF4219426AC007EEB71 /* Assets.xcassets */,
				40241BF6219426AC007EEB71 /* LaunchScreen.storyboard */,
				40241BF9219426AC007EEB71 /* Info.plist */,
			);
			path = KibaanSample;
			sourceTree = "<group>";
		};
		40241C01219426AC007EEB71 /* KibaanSampleTests */ = {
			isa = PBXGroup;
			children = (
				40241C02219426AC007EEB71 /* KibaanSampleTests.swift */,
				40241C04219426AC007EEB71 /* Info.plist */,
			);
			path = KibaanSampleTests;
			sourceTree = "<group>";
		};
		40241C0C219426AC007EEB71 /* KibaanSampleUITests */ = {
			isa = PBXGroup;
			children = (
				40241C0D219426AC007EEB71 /* KibaanSampleUITests.swift */,
				40241C0F219426AC007EEB71 /* Info.plist */,
			);
			path = KibaanSampleUITests;
			sourceTree = "<group>";
		};
		40241C1F21942D23007EEB71 /* Screen */ = {
			isa = PBXGroup;
			children = (
				40241C3121942FB8007EEB71 /* Top */,
				40241C3221942FC0007EEB71 /* Chart */,
				40241C3421942FCE007EEB71 /* Trade */,
				40241C3321942FC6007EEB71 /* News */,
				40241C3521942FD3007EEB71 /* Menu */,
				40241C2421942D82007EEB71 /* FooterTabViewController.swift */,
				40241C2321942D82007EEB71 /* FooterTabViewController.xib */,
				40241C2021942D82007EEB71 /* Launcher */,
			);
			path = Screen;
			sourceTree = "<group>";
		};
		40241C2021942D82007EEB71 /* Launcher */ = {
			isa = PBXGroup;
			children = (
				40241C2121942D82007EEB71 /* LauncherViewController.swift */,
				40241C2221942D82007EEB71 /* LauncherViewController.xib */,
			);
			path = Launcher;
			sourceTree = "<group>";
		};
		40241C2921942DBB007EEB71 /* Service */ = {
			isa = PBXGroup;
			children = (
				40241C2A21942DBB007EEB71 /* LauncherService.swift */,
			);
			path = Service;
			sourceTree = "<group>";
		};
		40241C2C21942F12007EEB71 /* Model */ = {
			isa = PBXGroup;
			children = (
				40241C2D21942F12007EEB71 /* AppSetting.swift */,
				40241C2E21942F12007EEB71 /* SharedData.swift */,
			);
			path = Model;
			sourceTree = "<group>";
		};
		40241C3121942FB8007EEB71 /* Top */ = {
			isa = PBXGroup;
			children = (
				40241C3621942FF8007EEB71 /* TopViewController.swift */,
				40241C3721942FF8007EEB71 /* TopViewController.xib */,
			);
			path = Top;
			sourceTree = "<group>";
		};
		40241C3221942FC0007EEB71 /* Chart */ = {
			isa = PBXGroup;
			children = (
				40241C3A21943013007EEB71 /* ChartViewController.swift */,
				40241C3B21943013007EEB71 /* ChartViewController.xib */,
			);
			path = Chart;
			sourceTree = "<group>";
		};
		40241C3321942FC6007EEB71 /* News */ = {
			isa = PBXGroup;
			children = (
				40241C4221943097007EEB71 /* NewsViewController.swift */,
				40241C4321943097007EEB71 /* NewsViewController.xib */,
			);
			path = News;
			sourceTree = "<group>";
		};
		40241C3421942FCE007EEB71 /* Trade */ = {
			isa = PBXGroup;
			children = (
				40241C3E21943085007EEB71 /* TradeViewController.swift */,
				40241C3F21943085007EEB71 /* TradeViewController.xib */,
			);
			path = Trade;
			sourceTree = "<group>";
		};
		40241C3521942FD3007EEB71 /* Menu */ = {
			isa = PBXGroup;
			children = (
				40241C46219430A9007EEB71 /* MenuViewController.swift */,
				40241C47219430A9007EEB71 /* MenuViewController.xib */,
			);
			path = Menu;
			sourceTree = "<group>";
		};
/* End PBXGroup section */

/* Begin PBXNativeTarget section */
		40241BE9219426AC007EEB71 /* KibaanSample */ = {
			isa = PBXNativeTarget;
			buildConfigurationList = 40241C12219426AC007EEB71 /* Build configuration list for PBXNativeTarget "KibaanSample" */;
			buildPhases = (
				40241BE6219426AC007EEB71 /* Sources */,
				40241BE7219426AC007EEB71 /* Frameworks */,
				40241BE8219426AC007EEB71 /* Resources */,
				40241C1E21942B7E007EEB71 /* Embed Frameworks */,
			);
			buildRules = (
			);
			dependencies = (
			);
			name = KibaanSample;
			productName = KibaanSample;
			productReference = 40241BEA219426AC007EEB71 /* KibaanSample.app */;
			productType = "com.apple.product-type.application";
		};
		40241BFD219426AC007EEB71 /* KibaanSampleTests */ = {
			isa = PBXNativeTarget;
			buildConfigurationList = 40241C15219426AC007EEB71 /* Build configuration list for PBXNativeTarget "KibaanSampleTests" */;
			buildPhases = (
				40241BFA219426AC007EEB71 /* Sources */,
				40241BFB219426AC007EEB71 /* Frameworks */,
				40241BFC219426AC007EEB71 /* Resources */,
			);
			buildRules = (
			);
			dependencies = (
				40241C00219426AC007EEB71 /* PBXTargetDependency */,
			);
			name = KibaanSampleTests;
			productName = KibaanSampleTests;
			productReference = 40241BFE219426AC007EEB71 /* KibaanSampleTests.xctest */;
			productType = "com.apple.product-type.bundle.unit-test";
		};
		40241C08219426AC007EEB71 /* KibaanSampleUITests */ = {
			isa = PBXNativeTarget;
			buildConfigurationList = 40241C18219426AC007EEB71 /* Build configuration list for PBXNativeTarget "KibaanSampleUITests" */;
			buildPhases = (
				40241C05219426AC007EEB71 /* Sources */,
				40241C06219426AC007EEB71 /* Frameworks */,
				40241C07219426AC007EEB71 /* Resources */,
			);
			buildRules = (
			);
			dependencies = (
				40241C0B219426AC007EEB71 /* PBXTargetDependency */,
			);
			name = KibaanSampleUITests;
			productName = KibaanSampleUITests;
			productReference = 40241C09219426AC007EEB71 /* KibaanSampleUITests.xctest */;
			productType = "com.apple.product-type.bundle.ui-testing";
		};
/* End PBXNativeTarget section */

/* Begin PBXProject section */
		40241BE2219426AC007EEB71 /* Project object */ = {
			isa = PBXProject;
			attributes = {
				LastSwiftUpdateCheck = 1010;
				LastUpgradeCheck = 1010;
				ORGANIZATIONNAME = "altonotes Inc.";
				TargetAttributes = {
					40241BE9219426AC007EEB71 = {
						CreatedOnToolsVersion = 10.1;
					};
					40241BFD219426AC007EEB71 = {
						CreatedOnToolsVersion = 10.1;
						TestTargetID = 40241BE9219426AC007EEB71;
					};
					40241C08219426AC007EEB71 = {
						CreatedOnToolsVersion = 10.1;
						TestTargetID = 40241BE9219426AC007EEB71;
					};
				};
			};
			buildConfigurationList = 40241BE5219426AC007EEB71 /* Build configuration list for PBXProject "KibaanSample" */;
			compatibilityVersion = "Xcode 9.3";
			developmentRegion = en;
			hasScannedForEncodings = 0;
			knownRegions = (
				en,
				Base,
			);
			mainGroup = 40241BE1219426AC007EEB71;
			productRefGroup = 40241BEB219426AC007EEB71 /* Products */;
			projectDirPath = "";
			projectRoot = "";
			targets = (
				40241BE9219426AC007EEB71 /* KibaanSample */,
				40241BFD219426AC007EEB71 /* KibaanSampleTests */,
				40241C08219426AC007EEB71 /* KibaanSampleUITests */,
			);
		};
/* End PBXProject section */

/* Begin PBXResourcesBuildPhase section */
		40241BE8219426AC007EEB71 /* Resources */ = {
			isa = PBXResourcesBuildPhase;
			buildActionMask = 2147483647;
			files = (
				40241BF8219426AC007EEB71 /* LaunchScreen.storyboard in Resources */,
				40241C4121943085007EEB71 /* TradeViewController.xib in Resources */,
				40241C3D21943013007EEB71 /* ChartViewController.xib in Resources */,
				40241C4521943097007EEB71 /* NewsViewController.xib in Resources */,
				40241C49219430A9007EEB71 /* MenuViewController.xib in Resources */,
				40241C2721942D82007EEB71 /* FooterTabViewController.xib in Resources */,
				40241BF5219426AC007EEB71 /* Assets.xcassets in Resources */,
				40241C3921942FF8007EEB71 /* TopViewController.xib in Resources */,
				40241C2621942D82007EEB71 /* LauncherViewController.xib in Resources */,
			);
			runOnlyForDeploymentPostprocessing = 0;
		};
		40241BFC219426AC007EEB71 /* Resources */ = {
			isa = PBXResourcesBuildPhase;
			buildActionMask = 2147483647;
			files = (
			);
			runOnlyForDeploymentPostprocessing = 0;
		};
		40241C07219426AC007EEB71 /* Resources */ = {
			isa = PBXResourcesBuildPhase;
			buildActionMask = 2147483647;
			files = (
			);
			runOnlyForDeploymentPostprocessing = 0;
		};
/* End PBXResourcesBuildPhase section */

/* Begin PBXSourcesBuildPhase section */
		40241BE6219426AC007EEB71 /* Sources */ = {
			isa = PBXSourcesBuildPhase;
			buildActionMask = 2147483647;
			files = (
				40241C4021943085007EEB71 /* TradeViewController.swift in Sources */,
				40241C3021942F12007EEB71 /* SharedData.swift in Sources */,
				40241C2F21942F12007EEB71 /* AppSetting.swift in Sources */,
				40241C4421943097007EEB71 /* NewsViewController.swift in Sources */,
				40241C48219430A9007EEB71 /* MenuViewController.swift in Sources */,
				40241C2521942D82007EEB71 /* LauncherViewController.swift in Sources */,
				40241C2821942D82007EEB71 /* FooterTabViewController.swift in Sources */,
				40241BEE219426AC007EEB71 /* AppDelegate.swift in Sources */,
				40241C3C21943013007EEB71 /* ChartViewController.swift in Sources */,
				40241C2B21942DBB007EEB71 /* LauncherService.swift in Sources */,
				40241C3821942FF8007EEB71 /* TopViewController.swift in Sources */,
			);
			runOnlyForDeploymentPostprocessing = 0;
		};
		40241BFA219426AC007EEB71 /* Sources */ = {
			isa = PBXSourcesBuildPhase;
			buildActionMask = 2147483647;
			files = (
				40241C03219426AC007EEB71 /* KibaanSampleTests.swift in Sources */,
			);
			runOnlyForDeploymentPostprocessing = 0;
		};
		40241C05219426AC007EEB71 /* Sources */ = {
			isa = PBXSourcesBuildPhase;
			buildActionMask = 2147483647;
			files = (
				40241C0E219426AC007EEB71 /* KibaanSampleUITests.swift in Sources */,
			);
			runOnlyForDeploymentPostprocessing = 0;
		};
/* End PBXSourcesBuildPhase section */

/* Begin PBXTargetDependency section */
		40241C00219426AC007EEB71 /* PBXTargetDependency */ = {
			isa = PBXTargetDependency;
			target = 40241BE9219426AC007EEB71 /* KibaanSample */;
			targetProxy = 40241BFF219426AC007EEB71 /* PBXContainerItemProxy */;
		};
		40241C0B219426AC007EEB71 /* PBXTargetDependency */ = {
			isa = PBXTargetDependency;
			target = 40241BE9219426AC007EEB71 /* KibaanSample */;
			targetProxy = 40241C0A219426AC007EEB71 /* PBXContainerItemProxy */;
		};
/* End PBXTargetDependency section */

/* Begin PBXVariantGroup section */
		40241BF6219426AC007EEB71 /* LaunchScreen.storyboard */ = {
			isa = PBXVariantGroup;
			children = (
				40241BF7219426AC007EEB71 /* Base */,
			);
			name = LaunchScreen.storyboard;
			sourceTree = "<group>";
		};
/* End PBXVariantGroup section */

/* Begin XCBuildConfiguration section */
		40241C10219426AC007EEB71 /* Debug */ = {
			isa = XCBuildConfiguration;
			buildSettings = {
				ALWAYS_SEARCH_USER_PATHS = NO;
				CLANG_ANALYZER_NONNULL = YES;
				CLANG_ANALYZER_NUMBER_OBJECT_CONVERSION = YES_AGGRESSIVE;
				CLANG_CXX_LANGUAGE_STANDARD = "gnu++14";
				CLANG_CXX_LIBRARY = "libc++";
				CLANG_ENABLE_MODULES = YES;
				CLANG_ENABLE_OBJC_ARC = YES;
				CLANG_ENABLE_OBJC_WEAK = YES;
				CLANG_WARN_BLOCK_CAPTURE_AUTORELEASING = YES;
				CLANG_WARN_BOOL_CONVERSION = YES;
				CLANG_WARN_COMMA = YES;
				CLANG_WARN_CONSTANT_CONVERSION = YES;
				CLANG_WARN_DEPRECATED_OBJC_IMPLEMENTATIONS = YES;
				CLANG_WARN_DIRECT_OBJC_ISA_USAGE = YES_ERROR;
				CLANG_WARN_DOCUMENTATION_COMMENTS = YES;
				CLANG_WARN_EMPTY_BODY = YES;
				CLANG_WARN_ENUM_CONVERSION = YES;
				CLANG_WARN_INFINITE_RECURSION = YES;
				CLANG_WARN_INT_CONVERSION = YES;
				CLANG_WARN_NON_LITERAL_NULL_CONVERSION = YES;
				CLANG_WARN_OBJC_IMPLICIT_RETAIN_SELF = YES;
				CLANG_WARN_OBJC_LITERAL_CONVERSION = YES;
				CLANG_WARN_OBJC_ROOT_CLASS = YES_ERROR;
				CLANG_WARN_RANGE_LOOP_ANALYSIS = YES;
				CLANG_WARN_STRICT_PROTOTYPES = YES;
				CLANG_WARN_SUSPICIOUS_MOVE = YES;
				CLANG_WARN_UNGUARDED_AVAILABILITY = YES_AGGRESSIVE;
				CLANG_WARN_UNREACHABLE_CODE = YES;
				CLANG_WARN__DUPLICATE_METHOD_MATCH = YES;
				CODE_SIGN_IDENTITY = "iPhone Developer";
				COPY_PHASE_STRIP = NO;
				DEBUG_INFORMATION_FORMAT = dwarf;
				ENABLE_STRICT_OBJC_MSGSEND = YES;
				ENABLE_TESTABILITY = YES;
				GCC_C_LANGUAGE_STANDARD = gnu11;
				GCC_DYNAMIC_NO_PIC = NO;
				GCC_NO_COMMON_BLOCKS = YES;
				GCC_OPTIMIZATION_LEVEL = 0;
				GCC_PREPROCESSOR_DEFINITIONS = (
					"DEBUG=1",
					"$(inherited)",
				);
				GCC_WARN_64_TO_32_BIT_CONVERSION = YES;
				GCC_WARN_ABOUT_RETURN_TYPE = YES_ERROR;
				GCC_WARN_UNDECLARED_SELECTOR = YES;
				GCC_WARN_UNINITIALIZED_AUTOS = YES_AGGRESSIVE;
				GCC_WARN_UNUSED_FUNCTION = YES;
				GCC_WARN_UNUSED_VARIABLE = YES;
				IPHONEOS_DEPLOYMENT_TARGET = 10.0;
				MTL_ENABLE_DEBUG_INFO = INCLUDE_SOURCE;
				MTL_FAST_MATH = YES;
				ONLY_ACTIVE_ARCH = YES;
				SDKROOT = iphoneos;
				SWIFT_ACTIVE_COMPILATION_CONDITIONS = DEBUG;
				SWIFT_OPTIMIZATION_LEVEL = "-Onone";
			};
			name = Debug;
		};
		40241C11219426AC007EEB71 /* Release */ = {
			isa = XCBuildConfiguration;
			buildSettings = {
				ALWAYS_SEARCH_USER_PATHS = NO;
				CLANG_ANALYZER_NONNULL = YES;
				CLANG_ANALYZER_NUMBER_OBJECT_CONVERSION = YES_AGGRESSIVE;
				CLANG_CXX_LANGUAGE_STANDARD = "gnu++14";
				CLANG_CXX_LIBRARY = "libc++";
				CLANG_ENABLE_MODULES = YES;
				CLANG_ENABLE_OBJC_ARC = YES;
				CLANG_ENABLE_OBJC_WEAK = YES;
				CLANG_WARN_BLOCK_CAPTURE_AUTORELEASING = YES;
				CLANG_WARN_BOOL_CONVERSION = YES;
				CLANG_WARN_COMMA = YES;
				CLANG_WARN_CONSTANT_CONVERSION = YES;
				CLANG_WARN_DEPRECATED_OBJC_IMPLEMENTATIONS = YES;
				CLANG_WARN_DIRECT_OBJC_ISA_USAGE = YES_ERROR;
				CLANG_WARN_DOCUMENTATION_COMMENTS = YES;
				CLANG_WARN_EMPTY_BODY = YES;
				CLANG_WARN_ENUM_CONVERSION = YES;
				CLANG_WARN_INFINITE_RECURSION = YES;
				CLANG_WARN_INT_CONVERSION = YES;
				CLANG_WARN_NON_LITERAL_NULL_CONVERSION = YES;
				CLANG_WARN_OBJC_IMPLICIT_RETAIN_SELF = YES;
				CLANG_WARN_OBJC_LITERAL_CONVERSION = YES;
				CLANG_WARN_OBJC_ROOT_CLASS = YES_ERROR;
				CLANG_WARN_RANGE_LOOP_ANALYSIS = YES;
				CLANG_WARN_STRICT_PROTOTYPES = YES;
				CLANG_WARN_SUSPICIOUS_MOVE = YES;
				CLANG_WARN_UNGUARDED_AVAILABILITY = YES_AGGRESSIVE;
				CLANG_WARN_UNREACHABLE_CODE = YES;
				CLANG_WARN__DUPLICATE_METHOD_MATCH = YES;
				CODE_SIGN_IDENTITY = "iPhone Developer";
				COPY_PHASE_STRIP = NO;
				DEBUG_INFORMATION_FORMAT = "dwarf-with-dsym";
				ENABLE_NS_ASSERTIONS = NO;
				ENABLE_STRICT_OBJC_MSGSEND = YES;
				GCC_C_LANGUAGE_STANDARD = gnu11;
				GCC_NO_COMMON_BLOCKS = YES;
				GCC_WARN_64_TO_32_BIT_CONVERSION = YES;
				GCC_WARN_ABOUT_RETURN_TYPE = YES_ERROR;
				GCC_WARN_UNDECLARED_SELECTOR = YES;
				GCC_WARN_UNINITIALIZED_AUTOS = YES_AGGRESSIVE;
				GCC_WARN_UNUSED_FUNCTION = YES;
				GCC_WARN_UNUSED_VARIABLE = YES;
				IPHONEOS_DEPLOYMENT_TARGET = 10.0;
				MTL_ENABLE_DEBUG_INFO = NO;
				MTL_FAST_MATH = YES;
				SDKROOT = iphoneos;
				SWIFT_COMPILATION_MODE = wholemodule;
				SWIFT_OPTIMIZATION_LEVEL = "-O";
				VALIDATE_PRODUCT = YES;
			};
			name = Release;
		};
		40241C13219426AC007EEB71 /* Debug */ = {
			isa = XCBuildConfiguration;
			buildSettings = {
				ASSETCATALOG_COMPILER_APPICON_NAME = AppIcon;
				CODE_SIGN_STYLE = Automatic;
				DEVELOPMENT_TEAM = 7FVA3NE35B;
				INFOPLIST_FILE = KibaanSample/Info.plist;
				LD_RUNPATH_SEARCH_PATHS = (
					"$(inherited)",
					"@executable_path/Frameworks",
				);
				PRODUCT_BUNDLE_IDENTIFIER = jp.co.altonotes.KibaanSample;
				PRODUCT_NAME = "$(TARGET_NAME)";
				SWIFT_VERSION = 4.2;
				TARGETED_DEVICE_FAMILY = "1,2";
			};
			name = Debug;
		};
		40241C14219426AC007EEB71 /* Release */ = {
			isa = XCBuildConfiguration;
			buildSettings = {
				ASSETCATALOG_COMPILER_APPICON_NAME = AppIcon;
				CODE_SIGN_STYLE = Automatic;
				DEVELOPMENT_TEAM = 7FVA3NE35B;
				INFOPLIST_FILE = KibaanSample/Info.plist;
				LD_RUNPATH_SEARCH_PATHS = (
					"$(inherited)",
					"@executable_path/Frameworks",
				);
				PRODUCT_BUNDLE_IDENTIFIER = jp.co.altonotes.KibaanSample;
				PRODUCT_NAME = "$(TARGET_NAME)";
				SWIFT_VERSION = 4.2;
				TARGETED_DEVICE_FAMILY = "1,2";
			};
			name = Release;
		};
		40241C16219426AC007EEB71 /* Debug */ = {
			isa = XCBuildConfiguration;
			buildSettings = {
				ALWAYS_EMBED_SWIFT_STANDARD_LIBRARIES = YES;
				BUNDLE_LOADER = "$(TEST_HOST)";
				CODE_SIGN_STYLE = Automatic;
				DEVELOPMENT_TEAM = 7FVA3NE35B;
				INFOPLIST_FILE = KibaanSampleTests/Info.plist;
				LD_RUNPATH_SEARCH_PATHS = (
					"$(inherited)",
					"@executable_path/Frameworks",
					"@loader_path/Frameworks",
				);
				PRODUCT_BUNDLE_IDENTIFIER = jp.co.altonotes.KibaanSampleTests;
				PRODUCT_NAME = "$(TARGET_NAME)";
				SWIFT_VERSION = 4.2;
				TARGETED_DEVICE_FAMILY = "1,2";
				TEST_HOST = "$(BUILT_PRODUCTS_DIR)/KibaanSample.app/KibaanSample";
			};
			name = Debug;
		};
		40241C17219426AC007EEB71 /* Release */ = {
			isa = XCBuildConfiguration;
			buildSettings = {
				ALWAYS_EMBED_SWIFT_STANDARD_LIBRARIES = YES;
				BUNDLE_LOADER = "$(TEST_HOST)";
				CODE_SIGN_STYLE = Automatic;
				DEVELOPMENT_TEAM = 7FVA3NE35B;
				INFOPLIST_FILE = KibaanSampleTests/Info.plist;
				LD_RUNPATH_SEARCH_PATHS = (
					"$(inherited)",
					"@executable_path/Frameworks",
					"@loader_path/Frameworks",
				);
				PRODUCT_BUNDLE_IDENTIFIER = jp.co.altonotes.KibaanSampleTests;
				PRODUCT_NAME = "$(TARGET_NAME)";
				SWIFT_VERSION = 4.2;
				TARGETED_DEVICE_FAMILY = "1,2";
				TEST_HOST = "$(BUILT_PRODUCTS_DIR)/KibaanSample.app/KibaanSample";
			};
			name = Release;
		};
		40241C19219426AC007EEB71 /* Debug */ = {
			isa = XCBuildConfiguration;
			buildSettings = {
				ALWAYS_EMBED_SWIFT_STANDARD_LIBRARIES = YES;
				CODE_SIGN_STYLE = Automatic;
				DEVELOPMENT_TEAM = 7FVA3NE35B;
				INFOPLIST_FILE = KibaanSampleUITests/Info.plist;
				LD_RUNPATH_SEARCH_PATHS = (
					"$(inherited)",
					"@executable_path/Frameworks",
					"@loader_path/Frameworks",
				);
				PRODUCT_BUNDLE_IDENTIFIER = jp.co.altonotes.KibaanSampleUITests;
				PRODUCT_NAME = "$(TARGET_NAME)";
				SWIFT_VERSION = 4.2;
				TARGETED_DEVICE_FAMILY = "1,2";
				TEST_TARGET_NAME = KibaanSample;
			};
			name = Debug;
		};
		40241C1A219426AC007EEB71 /* Release */ = {
			isa = XCBuildConfiguration;
			buildSettings = {
				ALWAYS_EMBED_SWIFT_STANDARD_LIBRARIES = YES;
				CODE_SIGN_STYLE = Automatic;
				DEVELOPMENT_TEAM = 7FVA3NE35B;
				INFOPLIST_FILE = KibaanSampleUITests/Info.plist;
				LD_RUNPATH_SEARCH_PATHS = (
					"$(inherited)",
					"@executable_path/Frameworks",
					"@loader_path/Frameworks",
				);
				PRODUCT_BUNDLE_IDENTIFIER = jp.co.altonotes.KibaanSampleUITests;
				PRODUCT_NAME = "$(TARGET_NAME)";
				SWIFT_VERSION = 4.2;
				TARGETED_DEVICE_FAMILY = "1,2";
				TEST_TARGET_NAME = KibaanSample;
			};
			name = Release;
		};
/* End XCBuildConfiguration section */

/* Begin XCConfigurationList section */
		40241BE5219426AC007EEB71 /* Build configuration list for PBXProject "KibaanSample" */ = {
			isa = XCConfigurationList;
			buildConfigurations = (
				40241C10219426AC007EEB71 /* Debug */,
				40241C11219426AC007EEB71 /* Release */,
			);
			defaultConfigurationIsVisible = 0;
			defaultConfigurationName = Release;
		};
		40241C12219426AC007EEB71 /* Build configuration list for PBXNativeTarget "KibaanSample" */ = {
			isa = XCConfigurationList;
			buildConfigurations = (
				40241C13219426AC007EEB71 /* Debug */,
				40241C14219426AC007EEB71 /* Release */,
			);
			defaultConfigurationIsVisible = 0;
			defaultConfigurationName = Release;
		};
		40241C15219426AC007EEB71 /* Build configuration list for PBXNativeTarget "KibaanSampleTests" */ = {
			isa = XCConfigurationList;
			buildConfigurations = (
				40241C16219426AC007EEB71 /* Debug */,
				40241C17219426AC007EEB71 /* Release */,
			);
			defaultConfigurationIsVisible = 0;
			defaultConfigurationName = Release;
		};
		40241C18219426AC007EEB71 /* Build configuration list for PBXNativeTarget "KibaanSampleUITests" */ = {
			isa = XCConfigurationList;
			buildConfigurations = (
				40241C19219426AC007EEB71 /* Debug */,
				40241C1A219426AC007EEB71 /* Release */,
			);
			defaultConfigurationIsVisible = 0;
			defaultConfigurationName = Release;
		};
/* End XCConfigurationList section */
	};
	rootObject = 40241BE2219426AC007EEB71 /* Project object */;
}
